// !$*UTF8*$!
{
	archiveVersion = 1;
	classes = {
	};
	objectVersion = 46;
	objects = {

/* Begin PBXBuildFile section */
		4CEB69DA1BA6B0740023DA0A /* main.m in Sources */ = {isa = PBXBuildFile; fileRef = 4CEB69D91BA6B0740023DA0A /* main.m */; };
		4CEB69DD1BA6B0740023DA0A /* AppDelegate.m in Sources */ = {isa = PBXBuildFile; fileRef = 4CEB69DC1BA6B0740023DA0A /* AppDelegate.m */; };
		4CEB69E01BA6B0740023DA0A /* AddCharacterViewController.m in Sources */ = {isa = PBXBuildFile; fileRef = 4CEB69DF1BA6B0740023DA0A /* AddCharacterViewController.m */; };
		4CEB69E31BA6B0740023DA0A /* Main.storyboard in Resources */ = {isa = PBXBuildFile; fileRef = 4CEB69E11BA6B0740023DA0A /* Main.storyboard */; };
		4CEB69E51BA6B0740023DA0A /* Images.xcassets in Resources */ = {isa = PBXBuildFile; fileRef = 4CEB69E41BA6B0740023DA0A /* Images.xcassets */; };
		4CEB69E81BA6B0740023DA0A /* LaunchScreen.xib in Resources */ = {isa = PBXBuildFile; fileRef = 4CEB69E61BA6B0740023DA0A /* LaunchScreen.xib */; };
		4CEB69F41BA6B0740023DA0A /* Game_of_Thrones_AppTests.m in Sources */ = {isa = PBXBuildFile; fileRef = 4CEB69F31BA6B0740023DA0A /* Game_of_Thrones_AppTests.m */; };
		4CEB6A021BA6CD400023DA0A /* baratheon.jpg in Resources */ = {isa = PBXBuildFile; fileRef = 4CEB69FD1BA6CD400023DA0A /* baratheon.jpg */; };
		4CEB6A031BA6CD400023DA0A /* lannister.jpg in Resources */ = {isa = PBXBuildFile; fileRef = 4CEB69FE1BA6CD400023DA0A /* lannister.jpg */; };
		4CEB6A041BA6CD400023DA0A /* stark.jpg in Resources */ = {isa = PBXBuildFile; fileRef = 4CEB69FF1BA6CD400023DA0A /* stark.jpg */; };
		4CEB6A051BA6CD400023DA0A /* targaryen.jpg in Resources */ = {isa = PBXBuildFile; fileRef = 4CEB6A001BA6CD400023DA0A /* targaryen.jpg */; };
		4CEB6A061BA6CD400023DA0A /* tully.jpg in Resources */ = {isa = PBXBuildFile; fileRef = 4CEB6A011BA6CD400023DA0A /* tully.jpg */; };
/* End PBXBuildFile section */

/* Begin PBXContainerItemProxy section */
		4CEB69EE1BA6B0740023DA0A /* PBXContainerItemProxy */ = {
			isa = PBXContainerItemProxy;
			containerPortal = 4CEB69CC1BA6B0730023DA0A /* Project object */;
			proxyType = 1;
			remoteGlobalIDString = 4CEB69D31BA6B0730023DA0A;
			remoteInfo = "Game of Thrones App";
		};
/* End PBXContainerItemProxy section */

/* Begin PBXFileReference section */
		4CEB69D41BA6B0730023DA0A /* Game of Thrones App.app */ = {isa = PBXFileReference; explicitFileType = wrapper.application; includeInIndex = 0; path = "Game of Thrones App.app"; sourceTree = BUILT_PRODUCTS_DIR; };
		4CEB69D81BA6B0740023DA0A /* Info.plist */ = {isa = PBXFileReference; lastKnownFileType = text.plist.xml; path = Info.plist; sourceTree = "<group>"; };
		4CEB69D91BA6B0740023DA0A /* main.m */ = {isa = PBXFileReference; lastKnownFileType = sourcecode.c.objc; path = main.m; sourceTree = "<group>"; };
		4CEB69DB1BA6B0740023DA0A /* AppDelegate.h */ = {isa = PBXFileReference; lastKnownFileType = sourcecode.c.h; path = AppDelegate.h; sourceTree = "<group>"; };
		4CEB69DC1BA6B0740023DA0A /* AppDelegate.m */ = {isa = PBXFileReference; lastKnownFileType = sourcecode.c.objc; path = AppDelegate.m; sourceTree = "<group>"; };
		4CEB69DE1BA6B0740023DA0A /* AddCharacterViewController.h */ = {isa = PBXFileReference; lastKnownFileType = sourcecode.c.h; path = AddCharacterViewController.h; sourceTree = "<group>"; };
		4CEB69DF1BA6B0740023DA0A /* AddCharacterViewController.m */ = {isa = PBXFileReference; lastKnownFileType = sourcecode.c.objc; path = AddCharacterViewController.m; sourceTree = "<group>"; };
		4CEB69E21BA6B0740023DA0A /* Base */ = {isa = PBXFileReference; lastKnownFileType = file.storyboard; name = Base; path = Base.lproj/Main.storyboard; sourceTree = "<group>"; };
		4CEB69E41BA6B0740023DA0A /* Images.xcassets */ = {isa = PBXFileReference; lastKnownFileType = folder.assetcatalog; path = Images.xcassets; sourceTree = "<group>"; };
		4CEB69E71BA6B0740023DA0A /* Base */ = {isa = PBXFileReference; lastKnownFileType = file.xib; name = Base; path = Base.lproj/LaunchScreen.xib; sourceTree = "<group>"; };
		4CEB69ED1BA6B0740023DA0A /* Game of Thrones AppTests.xctest */ = {isa = PBXFileReference; explicitFileType = wrapper.cfbundle; includeInIndex = 0; path = "Game of Thrones AppTests.xctest"; sourceTree = BUILT_PRODUCTS_DIR; };
		4CEB69F21BA6B0740023DA0A /* Info.plist */ = {isa = PBXFileReference; lastKnownFileType = text.plist.xml; path = Info.plist; sourceTree = "<group>"; };
		4CEB69F31BA6B0740023DA0A /* Game_of_Thrones_AppTests.m */ = {isa = PBXFileReference; lastKnownFileType = sourcecode.c.objc; path = Game_of_Thrones_AppTests.m; sourceTree = "<group>"; };
		4CEB69FD1BA6CD400023DA0A /* baratheon.jpg */ = {isa = PBXFileReference; lastKnownFileType = image.jpeg; path = baratheon.jpg; sourceTree = "<group>"; };
		4CEB69FE1BA6CD400023DA0A /* lannister.jpg */ = {isa = PBXFileReference; lastKnownFileType = image.jpeg; path = lannister.jpg; sourceTree = "<group>"; };
		4CEB69FF1BA6CD400023DA0A /* stark.jpg */ = {isa = PBXFileReference; lastKnownFileType = image.jpeg; path = stark.jpg; sourceTree = "<group>"; };
		4CEB6A001BA6CD400023DA0A /* targaryen.jpg */ = {isa = PBXFileReference; lastKnownFileType = image.jpeg; path = targaryen.jpg; sourceTree = "<group>"; };
		4CEB6A011BA6CD400023DA0A /* tully.jpg */ = {isa = PBXFileReference; lastKnownFileType = image.jpeg; path = tully.jpg; sourceTree = "<group>"; };
/* End PBXFileReference section */

/* Begin PBXFrameworksBuildPhase section */
		4CEB69D11BA6B0730023DA0A /* Frameworks */ = {
			isa = PBXFrameworksBuildPhase;
			buildActionMask = 2147483647;
			files = (
			);
			runOnlyForDeploymentPostprocessing = 0;
		};
		4CEB69EA1BA6B0740023DA0A /* Frameworks */ = {
			isa = PBXFrameworksBuildPhase;
			buildActionMask = 2147483647;
			files = (
			);
			runOnlyForDeploymentPostprocessing = 0;
		};
/* End PBXFrameworksBuildPhase section */

/* Begin PBXGroup section */
		4CEB69CB1BA6B0730023DA0A = {
			isa = PBXGroup;
			children = (
				4CEB69D61BA6B0730023DA0A /* Game of Thrones App */,
				4CEB69F01BA6B0740023DA0A /* Game of Thrones AppTests */,
				4CEB69D51BA6B0730023DA0A /* Products */,
			);
			sourceTree = "<group>";
		};
		4CEB69D51BA6B0730023DA0A /* Products */ = {
			isa = PBXGroup;
			children = (
				4CEB69D41BA6B0730023DA0A /* Game of Thrones App.app */,
				4CEB69ED1BA6B0740023DA0A /* Game of Thrones AppTests.xctest */,
			);
			name = Products;
			sourceTree = "<group>";
		};
		4CEB69D61BA6B0730023DA0A /* Game of Thrones App */ = {
			isa = PBXGroup;
			children = (
				4CEB6A071BA6CD480023DA0A /* HouseImages */,
				4CEB69DB1BA6B0740023DA0A /* AppDelegate.h */,
				4CEB69DC1BA6B0740023DA0A /* AppDelegate.m */,
				4CEB69DE1BA6B0740023DA0A /* AddCharacterViewController.h */,
				4CEB69DF1BA6B0740023DA0A /* AddCharacterViewController.m */,
				4CEB69E11BA6B0740023DA0A /* Main.storyboard */,
				4CEB69E41BA6B0740023DA0A /* Images.xcassets */,
				4CEB69E61BA6B0740023DA0A /* LaunchScreen.xib */,
				4CEB69D71BA6B0740023DA0A /* Supporting Files */,
			);
			path = "Game of Thrones App";
			sourceTree = "<group>";
		};
		4CEB69D71BA6B0740023DA0A /* Supporting Files */ = {
			isa = PBXGroup;
			children = (
				4CEB69D81BA6B0740023DA0A /* Info.plist */,
				4CEB69D91BA6B0740023DA0A /* main.m */,
			);
			name = "Supporting Files";
			sourceTree = "<group>";
		};
		4CEB69F01BA6B0740023DA0A /* Game of Thrones AppTests */ = {
			isa = PBXGroup;
			children = (
				4CEB69F31BA6B0740023DA0A /* Game_of_Thrones_AppTests.m */,
				4CEB69F11BA6B0740023DA0A /* Supporting Files */,
			);
			path = "Game of Thrones AppTests";
			sourceTree = "<group>";
		};
		4CEB69F11BA6B0740023DA0A /* Supporting Files */ = {
			isa = PBXGroup;
			children = (
				4CEB69F21BA6B0740023DA0A /* Info.plist */,
			);
			name = "Supporting Files";
			sourceTree = "<group>";
		};
		4CEB6A071BA6CD480023DA0A /* HouseImages */ = {
			isa = PBXGroup;
			children = (
				4CEB69FD1BA6CD400023DA0A /* baratheon.jpg */,
				4CEB69FE1BA6CD400023DA0A /* lannister.jpg */,
				4CEB69FF1BA6CD400023DA0A /* stark.jpg */,
				4CEB6A001BA6CD400023DA0A /* targaryen.jpg */,
				4CEB6A011BA6CD400023DA0A /* tully.jpg */,
			);
			name = HouseImages;
			sourceTree = "<group>";
		};
/* End PBXGroup section */

/* Begin PBXNativeTarget section */
		4CEB69D31BA6B0730023DA0A /* Game of Thrones App */ = {
			isa = PBXNativeTarget;
			buildConfigurationList = 4CEB69F71BA6B0740023DA0A /* Build configuration list for PBXNativeTarget "Game of Thrones App" */;
			buildPhases = (
				4CEB69D01BA6B0730023DA0A /* Sources */,
				4CEB69D11BA6B0730023DA0A /* Frameworks */,
				4CEB69D21BA6B0730023DA0A /* Resources */,
			);
			buildRules = (
			);
			dependencies = (
			);
			name = "Game of Thrones App";
			productName = "Game of Thrones App";
			productReference = 4CEB69D41BA6B0730023DA0A /* Game of Thrones App.app */;
			productType = "com.apple.product-type.application";
		};
		4CEB69EC1BA6B0740023DA0A /* Game of Thrones AppTests */ = {
			isa = PBXNativeTarget;
			buildConfigurationList = 4CEB69FA1BA6B0740023DA0A /* Build configuration list for PBXNativeTarget "Game of Thrones AppTests" */;
			buildPhases = (
				4CEB69E91BA6B0740023DA0A /* Sources */,
				4CEB69EA1BA6B0740023DA0A /* Frameworks */,
				4CEB69EB1BA6B0740023DA0A /* Resources */,
			);
			buildRules = (
			);
			dependencies = (
				4CEB69EF1BA6B0740023DA0A /* PBXTargetDependency */,
			);
			name = "Game of Thrones AppTests";
			productName = "Game of Thrones AppTests";
			productReference = 4CEB69ED1BA6B0740023DA0A /* Game of Thrones AppTests.xctest */;
			productType = "com.apple.product-type.bundle.unit-test";
		};
/* End PBXNativeTarget section */

/* Begin PBXProject section */
		4CEB69CC1BA6B0730023DA0A /* Project object */ = {
			isa = PBXProject;
			attributes = {
				LastUpgradeCheck = 0640;
				ORGANIZATIONNAME = matsam;
				TargetAttributes = {
					4CEB69D31BA6B0730023DA0A = {
						CreatedOnToolsVersion = 6.4;
					};
					4CEB69EC1BA6B0740023DA0A = {
						CreatedOnToolsVersion = 6.4;
						TestTargetID = 4CEB69D31BA6B0730023DA0A;
					};
				};
			};
			buildConfigurationList = 4CEB69CF1BA6B0730023DA0A /* Build configuration list for PBXProject "Game of Thrones App" */;
			compatibilityVersion = "Xcode 3.2";
			developmentRegion = English;
			hasScannedForEncodings = 0;
			knownRegions = (
				en,
				Base,
			);
			mainGroup = 4CEB69CB1BA6B0730023DA0A;
			productRefGroup = 4CEB69D51BA6B0730023DA0A /* Products */;
			projectDirPath = "";
			projectRoot = "";
			targets = (
				4CEB69D31BA6B0730023DA0A /* Game of Thrones App */,
				4CEB69EC1BA6B0740023DA0A /* Game of Thrones AppTests */,
			);
		};
/* End PBXProject section */

/* Begin PBXResourcesBuildPhase section */
		4CEB69D21BA6B0730023DA0A /* Resources */ = {
			isa = PBXResourcesBuildPhase;
			buildActionMask = 2147483647;
			files = (
				4CEB6A021BA6CD400023DA0A /* baratheon.jpg in Resources */,
				4CEB6A041BA6CD400023DA0A /* stark.jpg in Resources */,
				4CEB6A061BA6CD400023DA0A /* tully.jpg in Resources */,
				4CEB69E31BA6B0740023DA0A /* Main.storyboard in Resources */,
				4CEB6A051BA6CD400023DA0A /* targaryen.jpg in Resources */,
				4CEB6A031BA6CD400023DA0A /* lannister.jpg in Resources */,
				4CEB69E81BA6B0740023DA0A /* LaunchScreen.xib in Resources */,
				4CEB69E51BA6B0740023DA0A /* Images.xcassets in Resources */,
			);
			runOnlyForDeploymentPostprocessing = 0;
		};
		4CEB69EB1BA6B0740023DA0A /* Resources */ = {
			isa = PBXResourcesBuildPhase;
			buildActionMask = 2147483647;
			files = (
			);
			runOnlyForDeploymentPostprocessing = 0;
		};
/* End PBXResourcesBuildPhase section */

/* Begin PBXSourcesBuildPhase section */
		4CEB69D01BA6B0730023DA0A /* Sources */ = {
			isa = PBXSourcesBuildPhase;
			buildActionMask = 2147483647;
			files = (
				4CEB69E01BA6B0740023DA0A /* AddCharacterViewController.m in Sources */,
				4CEB69DD1BA6B0740023DA0A /* AppDelegate.m in Sources */,
				4CEB69DA1BA6B0740023DA0A /* main.m in Sources */,
			);
			runOnlyForDeploymentPostprocessing = 0;
		};
		4CEB69E91BA6B0740023DA0A /* Sources */ = {
			isa = PBXSourcesBuildPhase;
			buildActionMask = 2147483647;
			files = (
				4CEB69F41BA6B0740023DA0A /* Game_of_Thrones_AppTests.m in Sources */,
			);
			runOnlyForDeploymentPostprocessing = 0;
		};
/* End PBXSourcesBuildPhase section */

/* Begin PBXTargetDependency section */
		4CEB69EF1BA6B0740023DA0A /* PBXTargetDependency */ = {
			isa = PBXTargetDependency;
			target = 4CEB69D31BA6B0730023DA0A /* Game of Thrones App */;
			targetProxy = 4CEB69EE1BA6B0740023DA0A /* PBXContainerItemProxy */;
		};
/* End PBXTargetDependency section */

/* Begin PBXVariantGroup section */
		4CEB69E11BA6B0740023DA0A /* Main.storyboard */ = {
			isa = PBXVariantGroup;
			children = (
				4CEB69E21BA6B0740023DA0A /* Base */,
			);
			name = Main.storyboard;
			sourceTree = "<group>";
		};
		4CEB69E61BA6B0740023DA0A /* LaunchScreen.xib */ = {
			isa = PBXVariantGroup;
			children = (
				4CEB69E71BA6B0740023DA0A /* Base */,
			);
			name = LaunchScreen.xib;
			sourceTree = "<group>";
		};
/* End PBXVariantGroup section */

/* Begin XCBuildConfiguration section */
		4CEB69F51BA6B0740023DA0A /* Debug */ = {
			isa = XCBuildConfiguration;
			buildSettings = {
				ALWAYS_SEARCH_USER_PATHS = NO;
				CLANG_CXX_LANGUAGE_STANDARD = "gnu++0x";
				CLANG_CXX_LIBRARY = "libc++";
				CLANG_ENABLE_MODULES = YES;
				CLANG_ENABLE_OBJC_ARC = YES;
				CLANG_WARN_BOOL_CONVERSION = YES;
				CLANG_WARN_CONSTANT_CONVERSION = YES;
				CLANG_WARN_DIRECT_OBJC_ISA_USAGE = YES_ERROR;
				CLANG_WARN_EMPTY_BODY = YES;
				CLANG_WARN_ENUM_CONVERSION = YES;
				CLANG_WARN_INT_CONVERSION = YES;
				CLANG_WARN_OBJC_ROOT_CLASS = YES_ERROR;
				CLANG_WARN_UNREACHABLE_CODE = YES;
				CLANG_WARN__DUPLICATE_METHOD_MATCH = YES;
				"CODE_SIGN_IDENTITY[sdk=iphoneos*]" = "iPhone Developer";
				COPY_PHASE_STRIP = NO;
				DEBUG_INFORMATION_FORMAT = "dwarf-with-dsym";
				ENABLE_STRICT_OBJC_MSGSEND = YES;
				GCC_C_LANGUAGE_STANDARD = gnu99;
				GCC_DYNAMIC_NO_PIC = NO;
				GCC_NO_COMMON_BLOCKS = YES;
				GCC_OPTIMIZATION_LEVEL = 0;
				GCC_PREPROCESSOR_DEFINITIONS = (
					"DEBUG=1",
					"$(inherited)",
				);
				GCC_SYMBOLS_PRIVATE_EXTERN = NO;
				GCC_WARN_64_TO_32_BIT_CONVERSION = YES;
				GCC_WARN_ABOUT_RETURN_TYPE = YES_ERROR;
				GCC_WARN_UNDECLARED_SELECTOR = YES;
				GCC_WARN_UNINITIALIZED_AUTOS = YES_AGGRESSIVE;
				GCC_WARN_UNUSED_FUNCTION = YES;
				GCC_WARN_UNUSED_VARIABLE = YES;
				IPHONEOS_DEPLOYMENT_TARGET = 8.4;
				MTL_ENABLE_DEBUG_INFO = YES;
				ONLY_ACTIVE_ARCH = YES;
				SDKROOT = iphoneos;
				TARGETED_DEVICE_FAMILY = "1,2";
			};
			name = Debug;
		};
		4CEB69F61BA6B0740023DA0A /* Release */ = {
			isa = XCBuildConfiguration;
			buildSettings = {
				ALWAYS_SEARCH_USER_PATHS = NO;
				CLANG_CXX_LANGUAGE_STANDARD = "gnu++0x";
				CLANG_CXX_LIBRARY = "libc++";
				CLANG_ENABLE_MODULES = YES;
				CLANG_ENABLE_OBJC_ARC = YES;
				CLANG_WARN_BOOL_CONVERSION = YES;
				CLANG_WARN_CONSTANT_CONVERSION = YES;
				CLANG_WARN_DIRECT_OBJC_ISA_USAGE = YES_ERROR;
				CLANG_WARN_EMPTY_BODY = YES;
				CLANG_WARN_ENUM_CONVERSION = YES;
				CLANG_WARN_INT_CONVERSION = YES;
				CLANG_WARN_OBJC_ROOT_CLASS = YES_ERROR;
				CLANG_WARN_UNREACHABLE_CODE = YES;
				CLANG_WARN__DUPLICATE_METHOD_MATCH = YES;
				"CODE_SIGN_IDENTITY[sdk=iphoneos*]" = "iPhone Developer";
				COPY_PHASE_STRIP = NO;
				DEBUG_INFORMATION_FORMAT = "dwarf-with-dsym";
				ENABLE_NS_ASSERTIONS = NO;
				ENABLE_STRICT_OBJC_MSGSEND = YES;
				GCC_C_LANGUAGE_STANDARD = gnu99;
				GCC_NO_COMMON_BLOCKS = YES;
				GCC_WARN_64_TO_32_BIT_CONVERSION = YES;
				GCC_WARN_ABOUT_RETURN_TYPE = YES_ERROR;
				GCC_WARN_UNDECLARED_SELECTOR = YES;
				GCC_WARN_UNINITIALIZED_AUTOS = YES_AGGRESSIVE;
				GCC_WARN_UNUSED_FUNCTION = YES;
				GCC_WARN_UNUSED_VARIABLE = YES;
				IPHONEOS_DEPLOYMENT_TARGET = 8.4;
				MTL_ENABLE_DEBUG_INFO = NO;
				SDKROOT = iphoneos;
				TARGETED_DEVICE_FAMILY = "1,2";
				VALIDATE_PRODUCT = YES;
			};
			name = Release;
		};
		4CEB69F81BA6B0740023DA0A /* Debug */ = {
			isa = XCBuildConfiguration;
			buildSettings = {
				ASSETCATALOG_COMPILER_APPICON_NAME = AppIcon;
				INFOPLIST_FILE = "Game of Thrones App/Info.plist";
				LD_RUNPATH_SEARCH_PATHS = "$(inherited) @executable_path/Frameworks";
				PRODUCT_NAME = "$(TARGET_NAME)";
			};
			name = Debug;
		};
		4CEB69F91BA6B0740023DA0A /* Release */ = {
			isa = XCBuildConfiguration;
			buildSettings = {
				ASSETCATALOG_COMPILER_APPICON_NAME = AppIcon;
				INFOPLIST_FILE = "Game of Thrones App/Info.plist";
				LD_RUNPATH_SEARCH_PATHS = "$(inherited) @executable_path/Frameworks";
				PRODUCT_NAME = "$(TARGET_NAME)";
			};
			name = Release;
		};
		4CEB69FB1BA6B0740023DA0A /* Debug */ = {
			isa = XCBuildConfiguration;
			buildSettings = {
				BUNDLE_LOADER = "$(TEST_HOST)";
				FRAMEWORK_SEARCH_PATHS = (
					"$(SDKROOT)/Developer/Library/Frameworks",
					"$(inherited)",
				);
				GCC_PREPROCESSOR_DEFINITIONS = (
					"DEBUG=1",
					"$(inherited)",
				);
				INFOPLIST_FILE = "Game of Thrones AppTests/Info.plist";
				LD_RUNPATH_SEARCH_PATHS = "$(inherited) @executable_path/Frameworks @loader_path/Frameworks";
				PRODUCT_NAME = "$(TARGET_NAME)";
				TEST_HOST = "$(BUILT_PRODUCTS_DIR)/Game of Thrones App.app/Game of Thrones App";
			};
			name = Debug;
		};
		4CEB69FC1BA6B0740023DA0A /* Release */ = {
			isa = XCBuildConfiguration;
			buildSettings = {
				BUNDLE_LOADER = "$(TEST_HOST)";
				FRAMEWORK_SEARCH_PATHS = (
					"$(SDKROOT)/Developer/Library/Frameworks",
					"$(inherited)",
				);
				INFOPLIST_FILE = "Game of Thrones AppTests/Info.plist";
				LD_RUNPATH_SEARCH_PATHS = "$(inherited) @executable_path/Frameworks @loader_path/Frameworks";
				PRODUCT_NAME = "$(TARGET_NAME)";
				TEST_HOST = "$(BUILT_PRODUCTS_DIR)/Game of Thrones App.app/Game of Thrones App";
			};
			name = Release;
		};
/* End XCBuildConfiguration section */

/* Begin XCConfigurationList section */
		4CEB69CF1BA6B0730023DA0A /* Build configuration list for PBXProject "Game of Thrones App" */ = {
			isa = XCConfigurationList;
			buildConfigurations = (
				4CEB69F51BA6B0740023DA0A /* Debug */,
				4CEB69F61BA6B0740023DA0A /* Release */,
			);
			defaultConfigurationIsVisible = 0;
			defaultConfigurationName = Release;
		};
		4CEB69F71BA6B0740023DA0A /* Build configuration list for PBXNativeTarget "Game of Thrones App" */ = {
			isa = XCConfigurationList;
			buildConfigurations = (
				4CEB69F81BA6B0740023DA0A /* Debug */,
				4CEB69F91BA6B0740023DA0A /* Release */,
			);
			defaultConfigurationIsVisible = 0;
		};
		4CEB69FA1BA6B0740023DA0A /* Build configuration list for PBXNativeTarget "Game of Thrones AppTests" */ = {
			isa = XCConfigurationList;
			buildConfigurations = (
				4CEB69FB1BA6B0740023DA0A /* Debug */,
				4CEB69FC1BA6B0740023DA0A /* Release */,
			);
			defaultConfigurationIsVisible = 0;
		};
/* End XCConfigurationList section */
	};
	rootObject = 4CEB69CC1BA6B0730023DA0A /* Project object */;
}
